{
  "version": 1,
  "dependencies": {
    "net10.0-windows7.0": {
      "Microsoft.NET.ILLink.Tasks": {
        "type": "Direct",
        "requested": "[10.0.12, )",
        "resolved": "10.0.12",
        "contentHash": "xi+BDjFpW+Sb+MHFHaH6Y/gV9I8BluFwRXc1QyCdoZbIK26eNiBeFuMTe/FMwc33G1wdHCyDg7CVTmb8OdQrMQ=="
      },
      "BouncyCastle.Cryptography": {
        "type": "Transitive",
        "resolved": "2.7.0",
        "contentHash": "U+12df8UEWHgBi04YVf/Lgi2dy3SItlIYvHjjEVa/BngCQIzDCDRBk50DDByCfDvSbe5pRNFr3b7UrVK2kMcLw=="
      },
      "Microsoft.Extensions.DependencyInjection.Abstractions": {
        "type": "Transitive",
        "resolved": "8.0.2",
        "contentHash": "3iE7UF7MQkCv1cxzCahz+Y/guQbTqieyxyaWKhrRO91itI9cOKO76OHeQDahqG4MmW5umr3CcCvGmK92lWNlbg=="
      },
      "Microsoft.Extensions.Logging.Abstractions": {
        "type": "Transitive",
        "resolved": "8.0.3",
        "contentHash": "dL0QGToTxggRLMYY4ZYX5AMwBb+byQBd/5dMiZE07Nv73o6I5Are3C7eQTh7K2+A4ct0PVISSr7TZANbiNb2yQ==",
        "dependencies": {
          "Microsoft.Extensions.DependencyInjection.Abstractions": "8.0.2"
        }
      },
      "PacketDotNet": {
        "type": "Transitive",
        "resolved": "1.4.8",
        "contentHash": "j4C4QaJmaPCk0KXsIdsZqmBteKWj5znXBmfbPpu48rE5SW2xwXKVlRf7C3g7VM9aZqMHIQedApEuC71nNX5PaQ=="
      },
      "SharpPcap": {
        "type": "Transitive",
        "resolved": "6.3.1",
        "contentHash": "EWclXz+QdffBRppFR7GDBLyKiAz045RGvu4t4gcMGocVMEq6dRfCnAEx7Ep6qxcPPhH2kz13Y8FqBaHZhsh3Pg==",
        "dependencies": {
          "PacketDotNet": "1.4.8"
        }
      },
      "SSH.NET": {
        "type": "Transitive",
        "resolved": "2026.0.0",
        "contentHash": "Yu9dirPq8l3oaat0+OQ7K0nUf5MmYltpia5UGqsApTG4zTPvBC1cxbNnC3NERij26dUST0A3Ef1QdHSn5ArbWQ==",
        "dependencies": {
          "BouncyCastle.Cryptography": "2.7.0",
          "Microsoft.Extensions.Logging.Abstractions": "8.0.3"
        }
      },
      "System.Security.Cryptography.ProtectedData": {
        "type": "Transitive",
        "resolved": "10.0.0",
        "contentHash": "qy6C3gQRTrfhFfuiIYU1jNwWfFdJpBVo1BARW7jgMm1zTEm3LRzLLyOLJGaAuKE+nZCGkEP71y4rj9NWjqLGdQ=="
      },
      "switchpilot.core": {
        "type": "Project"
      },
      "switchpilot.infrastructure": {
        "type": "Project",
        "dependencies": {
          "SSH.NET": "[2026.0.0, )",
          "SharpPcap": "[6.3.1, )",
          "SwitchPilot.Core": "[1.0.0, )",
          "System.Security.Cryptography.ProtectedData": "[10.0.0, )"
        }
      }
    },
    "net10.0-windows7.0/win-x64": {}
  }
}